
Microsoft Visual Studio Solution File, Format Version 12.00
# Visual Studio Version 17
VisualStudioVersion = 17.14.36414.22 d17.14
MinimumVisualStudioVersion = 10.0.40219.1
Project("{FAE04EC0-301F-11D3-BF4B-00C04F79EFBC}") = "GustoSystemProject", "GustoSystemProject\GustoSystemProject.csproj", "{16E5B9E1-3C97-4410-9897-57E399403C70}"
EndProject
Project("{FAE04EC0-301F-11D3-BF4B-00C04F79EFBC}") = "Service", "Service\Service.csproj", "{149C3D95-551C-4A45-B91B-2622F0AEE94E}"
EndProject
Project("{FAE04EC0-301F-11D3-BF4B-00C04F79EFBC}") = "Repository", "Repository\Repository.csproj", "{573DA25D-0776-4223-A3A6-9041084AAE12}"
EndProject
Global
	GlobalSection(SolutionConfigurationPlatforms) = preSolution
		Debug|Any CPU = Debug|Any CPU
		Release|Any CPU = Release|Any CPU
	EndGlobalSection
	GlobalSection(ProjectConfigurationPlatforms) = postSolution
		{16E5B9E1-3C97-4410-9897-57E399403C70}.Debug|Any CPU.ActiveCfg = Debug|Any CPU
		{16E5B9E1-3C97-4410-9897-57E399403C70}.Debug|Any CPU.Build.0 = Debug|Any CPU
		{16E5B9E1-3C97-4410-9897-57E399403C70}.Release|Any CPU.ActiveCfg = Release|Any CPU
		{16E5B9E1-3C97-4410-9897-57E399403C70}.Release|Any CPU.Build.0 = Release|Any CPU
		{149C3D95-551C-4A45-B91B-2622F0AEE94E}.Debug|Any CPU.ActiveCfg = Debug|Any CPU
		{149C3D95-551C-4A45-B91B-2622F0AEE94E}.Debug|Any CPU.Build.0 = Debug|Any CPU
		{149C3D95-551C-4A45-B91B-2622F0AEE94E}.Release|Any CPU.ActiveCfg = Release|Any CPU
		{149C3D95-551C-4A45-B91B-2622F0AEE94E}.Release|Any CPU.Build.0 = Release|Any CPU
		{573DA25D-0776-4223-A3A6-9041084AAE12}.Debug|Any CPU.ActiveCfg = Debug|Any CPU
		{573DA25D-0776-4223-A3A6-9041084AAE12}.Debug|Any CPU.Build.0 = Debug|Any CPU
		{573DA25D-0776-4223-A3A6-9041084AAE12}.Release|Any CPU.ActiveCfg = Release|Any CPU
		{573DA25D-0776-4223-A3A6-9041084AAE12}.Release|Any CPU.Build.0 = Release|Any CPU
	EndGlobalSection
	GlobalSection(SolutionProperties) = preSolution
		HideSolutionNode = FALSE
	EndGlobalSection
	GlobalSection(ExtensibilityGlobals) = postSolution
		SolutionGuid = {E14FDC6D-10D9-4DA8-B37E-D59E88EE7A4A}
	EndGlobalSection
EndGlobal
